<?xml version="1.0" encoding="utf-8"?>
<Project ToolsVersion="4.0" xmlns="http://schemas.microsoft.com/developer/msbuild/2003">
  <ItemGroup>
    <Filter Include="Source Files">
      <UniqueIdentifier>{4FC737F1-C7A5-4376-A066-2A32D752A2FF}</UniqueIdentifier>
      <Extensions>cpp;c;cc;cxx;def;odl;idl;hpj;bat;asm;asmx</Extensions>
    </Filter>
    <Filter Include="Header Files">
      <UniqueIdentifier>{93995380-89BD-4b04-88EB-625FBE52EBFB}</UniqueIdentifier>
      <Extensions>h;hh;hpp;hxx;hm;inl;inc;xsd</Extensions>
    </Filter>
    <Filter Include="Resource Files">
      <UniqueIdentifier>{67DA6AB6-F800-4c08-8B7A-83BB121AAD01}</UniqueIdentifier>
      <Extensions>rc;ico;cur;bmp;dlg;rc2;rct;bin;rgs;gif;jpg;jpeg;jpe;resx;tiff;tif;png;wav;mfcribbon-ms</Extensions>
    </Filter>
    <Filter Include="Header Files\Threading">
      <UniqueIdentifier>{4f9764e1-3762-46e5-9aa9-237ad5bf81db}</UniqueIdentifier>
    </Filter>
    <Filter Include="Source Files\GameState">
      <UniqueIdentifier>{682acebf-c0c8-4e4e-84ae-3d5895852937}</UniqueIdentifier>
    </Filter>
    <Filter Include="Header Files\Gamestate2">
      <UniqueIdentifier>{72b4b6cb-c613-4f86-b316-a7f3f2ce157d}</UniqueIdentifier>
    </Filter>
    <Filter Include="Header Files\Networking">
      <UniqueIdentifier>{ce04d9bf-4868-49b6-82b3-5da0524bc2b8}</UniqueIdentifier>
    </Filter>
    <Filter Include="Source Files\Networking">
      <UniqueIdentifier>{bb68a16a-9802-4d63-b795-c5004f1e74f3}</UniqueIdentifier>
    </Filter>
    <Filter Include="Source Files\Threading">
      <UniqueIdentifier>{94167731-09b8-4f58-bdcf-7230b9171583}</UniqueIdentifier>
    </Filter>
  </ItemGroup>
  <ItemGroup>
    <ClInclude Include="ThreadSystemWin.h">
      <Filter>Header Files\Threading</Filter>
    </ClInclude>
    <ClInclude Include="ThreadBase.h">
      <Filter>Header Files\Threading</Filter>
    </ClInclude>
    <ClInclude Include="ThreadMessageBase.h">
      <Filter>Header Files\Threading</Filter>
    </ClInclude>
    <ClInclude Include="ThreadSystem.h">
      <Filter>Header Files\Threading</Filter>
    </ClInclude>
    <ClInclude Include="SafeStatisticsLogger.h">
      <Filter>Header Files</Filter>
    </ClInclude>
    <ClInclude Include="ConfigSystem.h">
      <Filter>Header Files</Filter>
    </ClInclude>
    <ClInclude Include="ThreadPreDeclarations.h">
      <Filter>Header Files\Threading</Filter>
    </ClInclude>
    <ClInclude Include="ThreadDeclerationsTmp.h">
      <Filter>Header Files\Threading</Filter>
    </ClInclude>
    <ClInclude Include="Overview.h">
      <Filter>Header Files\Gamestate2</Filter>
    </ClInclude>
    <ClInclude Include="NonAssignable.h">
      <Filter>Header Files\Gamestate2</Filter>
    </ClInclude>
    <ClInclude Include="ObjectCollection.h">
      <Filter>Header Files\Gamestate2</Filter>
    </ClInclude>
    <ClInclude Include="Serialization.h">
      <Filter>Header Files\Gamestate2</Filter>
    </ClInclude>
    <ClInclude Include="ComponentStore.h">
      <Filter>Header Files\Gamestate2</Filter>
    </ClInclude>
    <ClInclude Include="AllocationHelper.h">
      <Filter>Header Files\Gamestate2</Filter>
    </ClInclude>
    <ClInclude Include="ObjectLink2.h">
      <Filter>Header Files\Gamestate2</Filter>
    </ClInclude>
    <ClInclude Include="RelayServer.h">
      <Filter>Header Files</Filter>
    </ClInclude>
    <ClInclude Include="PlayerStore.h">
      <Filter>Header Files</Filter>
    </ClInclude>
    <ClInclude Include="SimpleCollection.h">
      <Filter>Header Files\Gamestate2</Filter>
    </ClInclude>
    <ClInclude Include="FieldedStruct.h">
      <Filter>Header Files\Gamestate2</Filter>
    </ClInclude>
    <ClInclude Include="ThreadNotificationSystem.h">
      <Filter>Header Files\Threading</Filter>
    </ClInclude>
    <ClInclude Include="GameServer.h">
      <Filter>Header Files\Networking</Filter>
    </ClInclude>
    <ClInclude Include="Cryptography.h">
      <Filter>Header Files\Networking</Filter>
    </ClInclude>
    <ClInclude Include="GameServerProtocol.h">
      <Filter>Header Files\Networking</Filter>
    </ClInclude>
    <ClInclude Include="UDPServerCore.h">
      <Filter>Header Files\Networking</Filter>
    </ClInclude>
    <ClInclude Include="UDPServerProtocol.h">
      <Filter>Header Files\Networking</Filter>
    </ClInclude>
    <ClInclude Include="UdpSeverCoreWin.h">
      <Filter>Header Files\Networking</Filter>
    </ClInclude>
    <ClInclude Include="GameClient.h">
      <Filter>Header Files\Networking</Filter>
    </ClInclude>
    <ClInclude Include="GameClientProtocol.h">
      <Filter>Header Files\Networking</Filter>
    </ClInclude>
    <ClInclude Include="ActionProtocol.h">
      <Filter>Header Files</Filter>
    </ClInclude>
    <ClInclude Include="ThreadProxyCaller.h">
      <Filter>Header Files\Threading</Filter>
    </ClInclude>
    <ClInclude Include="ThreadQuery.h">
      <Filter>Header Files\Threading</Filter>
    </ClInclude>
    <ClInclude Include="ServerData.h">
      <Filter>Header Files\Networking</Filter>
    </ClInclude>
    <ClInclude Include="NetworkThread.h">
      <Filter>Header Files\Networking</Filter>
    </ClInclude>
    <ClInclude Include="QueueBuffer.h">
      <Filter>Header Files</Filter>
    </ClInclude>
    <ClInclude Include="GameStateThread.h">
      <Filter>Header Files</Filter>
    </ClInclude>
    <ClInclude Include="GameSystemInterface.h">
      <Filter>Header Files\Threading</Filter>
    </ClInclude>
    <ClInclude Include="InternalMessageSender.h">
      <Filter>Header Files\Threading</Filter>
    </ClInclude>
    <ClInclude Include="FunctionThreadCallback.h">
      <Filter>Header Files\Threading</Filter>
    </ClInclude>
    <ClInclude Include="ResourceThread.h">
      <Filter>Header Files</Filter>
    </ClInclude>
    <ClInclude Include="ErrorCodes.h">
      <Filter>Header Files</Filter>
    </ClInclude>
    <ClInclude Include="FileSpecifier.h">
      <Filter>Header Files\Gamestate2</Filter>
    </ClInclude>
  </ItemGroup>
  <ItemGroup>
    <ClCompile Include="SafeStatisticsLogger.cpp">
      <Filter>Source Files</Filter>
    </ClCompile>
    <ClCompile Include="ConfigSystem.cpp">
      <Filter>Source Files</Filter>
    </ClCompile>
    <ClCompile Include="Serialization.cpp">
      <Filter>Source Files\GameState</Filter>
    </ClCompile>
    <ClCompile Include="ConsoleTesting.cpp">
      <Filter>Source Files</Filter>
    </ClCompile>
    <ClCompile Include="RelayServer.cpp">
      <Filter>Source Files</Filter>
    </ClCompile>
    <ClCompile Include="Cryptography.cpp">
      <Filter>Source Files</Filter>
    </ClCompile>
    <ClCompile Include="PlayerStore.cpp">
      <Filter>Source Files</Filter>
    </ClCompile>
    <ClCompile Include="ActionProtocol.cpp">
      <Filter>Source Files</Filter>
    </ClCompile>
    <ClCompile Include="GameClient.cpp">
      <Filter>Source Files\Networking</Filter>
    </ClCompile>
    <ClCompile Include="GameServer.cpp">
      <Filter>Source Files\Networking</Filter>
    </ClCompile>
    <ClCompile Include="NetworkThread.cpp">
      <Filter>Source Files\Networking</Filter>
    </ClCompile>
    <ClCompile Include="UDPServerCore.cpp">
      <Filter>Source Files\Networking</Filter>
    </ClCompile>
    <ClCompile Include="UdpSeverCoreWin.cpp">
      <Filter>Source Files\Networking</Filter>
    </ClCompile>
    <ClCompile Include="ThreadSystemWin.cpp">
      <Filter>Source Files\Threading</Filter>
    </ClCompile>
    <ClCompile Include="ThreadBase.cpp">
      <Filter>Source Files\Threading</Filter>
    </ClCompile>
    <ClCompile Include="ThreadPreDeclarations.cpp">
      <Filter>Source Files\Threading</Filter>
    </ClCompile>
    <ClCompile Include="ThreadQuery.cpp">
      <Filter>Source Files\Threading</Filter>
    </ClCompile>
    <ClCompile Include="GameStateThread.cpp">
      <Filter>Source Files</Filter>
    </ClCompile>
    <ClCompile Include="GameSystemInterface.cpp">
      <Filter>Source Files</Filter>
    </ClCompile>
    <ClCompile Include="ResourceThread.cpp">
      <Filter>Source Files</Filter>
    </ClCompile>
    <ClCompile Include="FileSpecifier.cpp">
      <Filter>Source Files</Filter>
    </ClCompile>
  </ItemGroup>
  <ItemGroup>
    <Text Include="Workflow.txt">
      <Filter>Resource Files</Filter>
    </Text>
  </ItemGroup>
</Project>